
Microsoft Visual Studio Solution File, Format Version 12.00
# Visual Studio Version 16
VisualStudioVersion = 25.0.1700.2
MinimumVisualStudioVersion = 10.0.40219.1
Project("{FAE04EC0-301F-11D3-BF4B-00C04F79EFBC}") = "AccountOwnerServer", "AccountOwnerServer.csproj", "{CE12CE0E-08A8-432E-9591-1E518C78D4DE}"
EndProject
Global
	GlobalSection(SolutionConfigurationPlatforms) = preSolution
		Debug|Any CPU = Debug|Any CPU
		Release|Any CPU = Release|Any CPU
	EndGlobalSection
	GlobalSection(ProjectConfigurationPlatforms) = postSolution
		{CE12CE0E-08A8-432E-9591-1E518C78D4DE}.Debug|Any CPU.ActiveCfg = Debug|Any CPU
		{CE12CE0E-08A8-432E-9591-1E518C78D4DE}.Debug|Any CPU.Build.0 = Debug|Any CPU
		{CE12CE0E-08A8-432E-9591-1E518C78D4DE}.Release|Any CPU.ActiveCfg = Release|Any CPU
		{CE12CE0E-08A8-432E-9591-1E518C78D4DE}.Release|Any CPU.Build.0 = Release|Any CPU
	EndGlobalSection
	GlobalSection(SolutionProperties) = preSolution
		HideSolutionNode = FALSE
	EndGlobalSection
	GlobalSection(ExtensibilityGlobals) = postSolution
		SolutionGuid = {06BA3E40-739B-4BB1-8F13-9A458359BB22}
	EndGlobalSection
EndGlobal
